<?xml version="1.0" encoding="UTF-8" standalone="yes" ?>
<CodeBlocks_project_file>
	<FileVersion major="1" minor="6" />
	<Project>
		<Option title="ITCG_Polar_Project" />
		<Option pch_mode="2" />
		<Option compiler="gcc" />
		<Build>
			<Target title="Debug">
				<Option output="bin/Debug/ITCG_Polar_Project" prefix_auto="1" extension_auto="1" />
				<Option object_output="obj/Debug/" />
				<Option type="1" />
				<Option compiler="gcc" />
				<Compiler>
					<Add option="-g" />
				</Compiler>
			</Target>
			<Target title="Release">
				<Option output="bin/Release/ITCG_Polar_Project" prefix_auto="1" extension_auto="1" />
				<Option object_output="obj/Release/" />
				<Option type="1" />
				<Option compiler="gcc" />
				<Compiler>
					<Add option="-O2" />
				</Compiler>
				<Linker>
					<Add option="-s" />
				</Linker>
			</Target>
		</Build>
		<Compiler>
			<Add option="-Wall" />
			<Add option="-fexceptions" />
		</Compiler>
		<Unit filename="AWGN_Channel.cpp" />
		<Unit filename="AWGN_Channel.h" />
		<Unit filename="BPSK_Modulator.cpp" />
		<Unit filename="BPSK_Modulator.h" />
		<Unit filename="CommonFunc.cpp" />
		<Unit filename="CommonFunc.h" />
		<Unit filename="PolarCodec.cpp" />
		<Unit filename="PolarCodec.h" />
		<Unit filename="Simulator.cpp" />
		<Unit filename="Simulator.h" />
		<Unit filename="SourceCreate.cpp" />
		<Unit filename="SourceCreate.h" />
		<Unit filename="main.cpp" />
		<Extensions>
			<code_completion />
			<envvars />
			<debugger />
			<lib_finder disable_auto="1" />
		</Extensions>
	</Project>
</CodeBlocks_project_file>
